Microsoft Visual Studio Solution File, Format Version 12.00
# Visual Studio Version 17
VisualStudioVersion = 17.8.34408.163
MinimumVisualStudioVersion = 10.0.40219.1
Project("{9A19103F-16F7-4668-BE54-9A1E7A4F7556}") = "Melanoplus", "src\Melanoplus.csproj", "{9C9BCDA4-EE0B-4462-9A76-0C021196530C}"
EndProject
Global
	GlobalSection(SolutionConfigurationPlatforms) = preSolution
		Debug|Any CPU = Debug|Any CPU
		Release|Any CPU = Release|Any CPU
	EndGlobalSection
	GlobalSection(ProjectConfigurationPlatforms) = postSolution
		{9C9BCDA4-EE0B-4462-9A76-0C021196530C}.Debug|Any CPU.ActiveCfg = Debug|Any CPU
		{9C9BCDA4-EE0B-4462-9A76-0C021196530C}.Debug|Any CPU.Build.0 = Debug|Any CPU
		{9C9BCDA4-EE0B-4462-9A76-0C021196530C}.Release|Any CPU.ActiveCfg = Release|Any CPU
		{9C9BCDA4-EE0B-4462-9A76-0C021196530C}.Release|Any CPU.Build.0 = Release|Any CPU
	EndGlobalSection
	GlobalSection(SolutionProperties) = preSolution
		HideSolutionNode = FALSE
	EndGlobalSection
	GlobalSection(ExtensibilityGlobals) = postSolution
		SolutionGuid = {BD047240-6714-4FF1-8978-E1A5DDB78491}
	EndGlobalSection
EndGlobal
