
Microsoft Visual Studio Solution File, Format Version 12.00
# Visual Studio Version 17
VisualStudioVersion = 17.2.32519.379
MinimumVisualStudioVersion = 10.0.40219.1
Project("{FAE04EC0-301F-11D3-BF4B-00C04F79EFBC}") = "Melanoplus", "Melanoplus.csproj", "{CF4EAFDD-BA61-4D8B-8610-67C08C8D542E}"
EndProject
Project("{FAE04EC0-301F-11D3-BF4B-00C04F79EFBC}") = "Melanoplus.WindowsOnly", "WindowsOnly\Melanoplus.WindowsOnly.csproj", "{9E324A28-260C-4D1A-80C2-C16F8A1AB92C}"
EndProject
Project("{FAE04EC0-301F-11D3-BF4B-00C04F79EFBC}") = "Melanoplus.DevTools", "DevTools\Melanoplus.DevTools.csproj", "{F820841E-54ED-49B2-B21A-BBA8110A4413}"
EndProject
Global
	GlobalSection(SolutionConfigurationPlatforms) = preSolution
		Debug|Any CPU = Debug|Any CPU
		Release|Any CPU = Release|Any CPU
	EndGlobalSection
	GlobalSection(ProjectConfigurationPlatforms) = postSolution
		{CF4EAFDD-BA61-4D8B-8610-67C08C8D542E}.Debug|Any CPU.ActiveCfg = Debug|Any CPU
		{CF4EAFDD-BA61-4D8B-8610-67C08C8D542E}.Debug|Any CPU.Build.0 = Debug|Any CPU
		{CF4EAFDD-BA61-4D8B-8610-67C08C8D542E}.Release|Any CPU.ActiveCfg = Release|Any CPU
		{CF4EAFDD-BA61-4D8B-8610-67C08C8D542E}.Release|Any CPU.Build.0 = Release|Any CPU
		{9E324A28-260C-4D1A-80C2-C16F8A1AB92C}.Debug|Any CPU.ActiveCfg = Debug|Any CPU
		{9E324A28-260C-4D1A-80C2-C16F8A1AB92C}.Debug|Any CPU.Build.0 = Debug|Any CPU
		{9E324A28-260C-4D1A-80C2-C16F8A1AB92C}.Release|Any CPU.ActiveCfg = Release|Any CPU
		{9E324A28-260C-4D1A-80C2-C16F8A1AB92C}.Release|Any CPU.Build.0 = Release|Any CPU
		{F820841E-54ED-49B2-B21A-BBA8110A4413}.Debug|Any CPU.ActiveCfg = Debug|Any CPU
		{F820841E-54ED-49B2-B21A-BBA8110A4413}.Debug|Any CPU.Build.0 = Debug|Any CPU
		{F820841E-54ED-49B2-B21A-BBA8110A4413}.Release|Any CPU.ActiveCfg = Release|Any CPU
		{F820841E-54ED-49B2-B21A-BBA8110A4413}.Release|Any CPU.Build.0 = Release|Any CPU
	EndGlobalSection
	GlobalSection(SolutionProperties) = preSolution
		HideSolutionNode = FALSE
	EndGlobalSection
	GlobalSection(ExtensibilityGlobals) = postSolution
		SolutionGuid = {EE9B5F1F-F2FF-4FC2-BACF-8CE70F35800E}
	EndGlobalSection
EndGlobal
